
Microsoft Visual Studio Solution File, Format Version 12.00
# Visual Studio Version 17
VisualStudioVersion = 17.4.33213.308
MinimumVisualStudioVersion = 10.0.40219.1
Project("{FAE04EC0-301F-11D3-BF4B-00C04F79EFBC}") = "RockPaperScissor", "RockPaperScissor\RockPaperScissor.csproj", "{93EAB5B3-D874-4415-A207-C382B4D0E80B}"
EndProject
Global
	GlobalSection(SolutionConfigurationPlatforms) = preSolution
		Debug|Any CPU = Debug|Any CPU
		Release|Any CPU = Release|Any CPU
	EndGlobalSection
	GlobalSection(ProjectConfigurationPlatforms) = postSolution
		{93EAB5B3-D874-4415-A207-C382B4D0E80B}.Debug|Any CPU.ActiveCfg = Debug|Any CPU
		{93EAB5B3-D874-4415-A207-C382B4D0E80B}.Debug|Any CPU.Build.0 = Debug|Any CPU
		{93EAB5B3-D874-4415-A207-C382B4D0E80B}.Release|Any CPU.ActiveCfg = Release|Any CPU
		{93EAB5B3-D874-4415-A207-C382B4D0E80B}.Release|Any CPU.Build.0 = Release|Any CPU
	EndGlobalSection
	GlobalSection(SolutionProperties) = preSolution
		HideSolutionNode = FALSE
	EndGlobalSection
	GlobalSection(ExtensibilityGlobals) = postSolution
		SolutionGuid = {A4619AB1-FE80-4A8C-BDD1-A7C56A8D61F6}
	EndGlobalSection
EndGlobal
